
Microsoft Visual Studio Solution File, Format Version 12.00
# Visual Studio Version 16
VisualStudioVersion = 16.0.30204.135
MinimumVisualStudioVersion = 10.0.40219.1
Project("{9A19103F-16F7-4668-BE54-9A1E7A4F7556}") = "Castro.AluguelDeCarros.Reserva.API", "Castro.AluguelDeCarros.Reserva\Castro.AluguelDeCarros.Reserva.API.csproj", "{F1029A92-32C9-49FE-9D96-F92ABA4BFD2D}"
EndProject
Project("{FAE04EC0-301F-11D3-BF4B-00C04F79EFBC}") = "Castro.AluguelDeCarros.Reserva.Services", "Castro.AluguelDeCarros.Reserva.Domain\Castro.AluguelDeCarros.Reserva.Services.csproj", "{170DD843-7AFD-4718-A647-FC675B4703D5}"
EndProject
Project("{FAE04EC0-301F-11D3-BF4B-00C04F79EFBC}") = "Castro.AluguelDeCarros.Reserva.Repository", "Castro.AluguelDeCarros.Reserva.Repository\Castro.AluguelDeCarros.Reserva.Repository.csproj", "{781AB001-D7EA-45E2-88B0-C4CD8B5C9029}"
EndProject
Project("{FAE04EC0-301F-11D3-BF4B-00C04F79EFBC}") = "Castro.AluguelDeCarros.Reserva.Business", "Castro.AluguelDeCarros.Reserva.Business\Castro.AluguelDeCarros.Reserva.Business.csproj", "{4CCD9327-9FAA-4509-9EB1-FF1C8D138CFF}"
EndProject
Project("{FAE04EC0-301F-11D3-BF4B-00C04F79EFBC}") = "Castro.AluguelDeCarros.Reserva.Domain", "Castro.AluguelDeCarros.Reserva.Domain\Castro.AluguelDeCarros.Reserva.Domain.csproj", "{C519017E-6F2A-476A-97AD-4C8C0BAC3B55}"
EndProject
Global
	GlobalSection(SolutionConfigurationPlatforms) = preSolution
		Debug|Any CPU = Debug|Any CPU
		Release|Any CPU = Release|Any CPU
	EndGlobalSection
	GlobalSection(ProjectConfigurationPlatforms) = postSolution
		{F1029A92-32C9-49FE-9D96-F92ABA4BFD2D}.Debug|Any CPU.ActiveCfg = Debug|Any CPU
		{F1029A92-32C9-49FE-9D96-F92ABA4BFD2D}.Debug|Any CPU.Build.0 = Debug|Any CPU
		{F1029A92-32C9-49FE-9D96-F92ABA4BFD2D}.Release|Any CPU.ActiveCfg = Release|Any CPU
		{F1029A92-32C9-49FE-9D96-F92ABA4BFD2D}.Release|Any CPU.Build.0 = Release|Any CPU
		{170DD843-7AFD-4718-A647-FC675B4703D5}.Debug|Any CPU.ActiveCfg = Debug|Any CPU
		{170DD843-7AFD-4718-A647-FC675B4703D5}.Debug|Any CPU.Build.0 = Debug|Any CPU
		{170DD843-7AFD-4718-A647-FC675B4703D5}.Release|Any CPU.ActiveCfg = Release|Any CPU
		{170DD843-7AFD-4718-A647-FC675B4703D5}.Release|Any CPU.Build.0 = Release|Any CPU
		{781AB001-D7EA-45E2-88B0-C4CD8B5C9029}.Debug|Any CPU.ActiveCfg = Debug|Any CPU
		{781AB001-D7EA-45E2-88B0-C4CD8B5C9029}.Debug|Any CPU.Build.0 = Debug|Any CPU
		{781AB001-D7EA-45E2-88B0-C4CD8B5C9029}.Release|Any CPU.ActiveCfg = Release|Any CPU
		{781AB001-D7EA-45E2-88B0-C4CD8B5C9029}.Release|Any CPU.Build.0 = Release|Any CPU
		{4CCD9327-9FAA-4509-9EB1-FF1C8D138CFF}.Debug|Any CPU.ActiveCfg = Debug|Any CPU
		{4CCD9327-9FAA-4509-9EB1-FF1C8D138CFF}.Debug|Any CPU.Build.0 = Debug|Any CPU
		{4CCD9327-9FAA-4509-9EB1-FF1C8D138CFF}.Release|Any CPU.ActiveCfg = Release|Any CPU
		{4CCD9327-9FAA-4509-9EB1-FF1C8D138CFF}.Release|Any CPU.Build.0 = Release|Any CPU
		{C519017E-6F2A-476A-97AD-4C8C0BAC3B55}.Debug|Any CPU.ActiveCfg = Debug|Any CPU
		{C519017E-6F2A-476A-97AD-4C8C0BAC3B55}.Debug|Any CPU.Build.0 = Debug|Any CPU
		{C519017E-6F2A-476A-97AD-4C8C0BAC3B55}.Release|Any CPU.ActiveCfg = Release|Any CPU
		{C519017E-6F2A-476A-97AD-4C8C0BAC3B55}.Release|Any CPU.Build.0 = Release|Any CPU
	EndGlobalSection
	GlobalSection(SolutionProperties) = preSolution
		HideSolutionNode = FALSE
	EndGlobalSection
	GlobalSection(ExtensibilityGlobals) = postSolution
		SolutionGuid = {139B2CE4-A8B6-42C6-8CE8-B30011050684}
	EndGlobalSection
EndGlobal
